
Microsoft Visual Studio Solution File, Format Version 12.00
# Visual Studio Version 17
VisualStudioVersion = 17.1.32228.430
MinimumVisualStudioVersion = 10.0.40219.1
Project("{9A19103F-16F7-4668-BE54-9A1E7A4F7556}") = "LibJsonFiles", "src\LibJsonFiles.csproj", "{868F2777-A8A3-4893-ABFE-8C958E3501C1}"
EndProject
Global
	GlobalSection(SolutionConfigurationPlatforms) = preSolution
		Debug|Any CPU = Debug|Any CPU
		Release|Any CPU = Release|Any CPU
	EndGlobalSection
	GlobalSection(ProjectConfigurationPlatforms) = postSolution
		{868F2777-A8A3-4893-ABFE-8C958E3501C1}.Debug|Any CPU.ActiveCfg = Debug|Any CPU
		{868F2777-A8A3-4893-ABFE-8C958E3501C1}.Debug|Any CPU.Build.0 = Debug|Any CPU
		{868F2777-A8A3-4893-ABFE-8C958E3501C1}.Release|Any CPU.ActiveCfg = Release|Any CPU
		{868F2777-A8A3-4893-ABFE-8C958E3501C1}.Release|Any CPU.Build.0 = Release|Any CPU
	EndGlobalSection
	GlobalSection(SolutionProperties) = preSolution
		HideSolutionNode = FALSE
	EndGlobalSection
	GlobalSection(ExtensibilityGlobals) = postSolution
		SolutionGuid = {6439D0D9-D79C-4E1A-91EC-034EAA831E02}
	EndGlobalSection
EndGlobal
